// !$*UTF8*$!
{
	archiveVersion = 1;
	classes = {
	};
	objectVersion = 56;
	objects = {

/* Begin PBXBuildFile section */
		DC1370902BD7A99500CF7C90 /* CreditCardViewerApp.swift in Sources */ = {isa = PBXBuildFile; fileRef = DC13708F2BD7A99500CF7C90 /* CreditCardViewerApp.swift */; };
		DC1370942BD7A99800CF7C90 /* Assets.xcassets in Resources */ = {isa = PBXBuildFile; fileRef = DC1370932BD7A99800CF7C90 /* Assets.xcassets */; };
		DC1370972BD7A99800CF7C90 /* Preview Assets.xcassets in Resources */ = {isa = PBXBuildFile; fileRef = DC1370962BD7A99800CF7C90 /* Preview Assets.xcassets */; };
		DC1370A12BD7A99800CF7C90 /* CreditCardViewerTests.swift in Sources */ = {isa = PBXBuildFile; fileRef = DC1370A02BD7A99800CF7C90 /* CreditCardViewerTests.swift */; };
		DC1370AB2BD7A99800CF7C90 /* CreditCardViewerUITests.swift in Sources */ = {isa = PBXBuildFile; fileRef = DC1370AA2BD7A99800CF7C90 /* CreditCardViewerUITests.swift */; };
		DC1370AD2BD7A99800CF7C90 /* CreditCardViewerUITestsLaunchTests.swift in Sources */ = {isa = PBXBuildFile; fileRef = DC1370AC2BD7A99800CF7C90 /* CreditCardViewerUITestsLaunchTests.swift */; };
		DC1370BB2BD7ABFB00CF7C90 /* CreditCard.swift in Sources */ = {isa = PBXBuildFile; fileRef = DC1370BA2BD7ABFB00CF7C90 /* CreditCard.swift */; };
		DCE59E522BD7AF1800A3E655 /* CardsView.swift in Sources */ = {isa = PBXBuildFile; fileRef = DCE59E512BD7AF1800A3E655 /* CardsView.swift */; };
		DCE59E542BD7AF3000A3E655 /* CardRowView.swift in Sources */ = {isa = PBXBuildFile; fileRef = DCE59E532BD7AF3000A3E655 /* CardRowView.swift */; };
		DCE59E562BD7AFC000A3E655 /* SavedCardsView.swift in Sources */ = {isa = PBXBuildFile; fileRef = DCE59E552BD7AFC000A3E655 /* SavedCardsView.swift */; };
/* End PBXBuildFile section */

/* Begin PBXContainerItemProxy section */
		DC13709D2BD7A99800CF7C90 /* PBXContainerItemProxy */ = {
			isa = PBXContainerItemProxy;
			containerPortal = DC1370842BD7A99500CF7C90 /* Project object */;
			proxyType = 1;
			remoteGlobalIDString = DC13708B2BD7A99500CF7C90;
			remoteInfo = CreditCardViewer;
		};
		DC1370A72BD7A99800CF7C90 /* PBXContainerItemProxy */ = {
			isa = PBXContainerItemProxy;
			containerPortal = DC1370842BD7A99500CF7C90 /* Project object */;
			proxyType = 1;
			remoteGlobalIDString = DC13708B2BD7A99500CF7C90;
			remoteInfo = CreditCardViewer;
		};
/* End PBXContainerItemProxy section */

/* Begin PBXFileReference section */
		DC13708C2BD7A99500CF7C90 /* CreditCardViewer.app */ = {isa = PBXFileReference; explicitFileType = wrapper.application; includeInIndex = 0; path = CreditCardViewer.app; sourceTree = BUILT_PRODUCTS_DIR; };
		DC13708F2BD7A99500CF7C90 /* CreditCardViewerApp.swift */ = {isa = PBXFileReference; lastKnownFileType = sourcecode.swift; path = CreditCardViewerApp.swift; sourceTree = "<group>"; };
		DC1370932BD7A99800CF7C90 /* Assets.xcassets */ = {isa = PBXFileReference; lastKnownFileType = folder.assetcatalog; path = Assets.xcassets; sourceTree = "<group>"; };
		DC1370962BD7A99800CF7C90 /* Preview Assets.xcassets */ = {isa = PBXFileReference; lastKnownFileType = folder.assetcatalog; path = "Preview Assets.xcassets"; sourceTree = "<group>"; };
		DC13709C2BD7A99800CF7C90 /* CreditCardViewerTests.xctest */ = {isa = PBXFileReference; explicitFileType = wrapper.cfbundle; includeInIndex = 0; path = CreditCardViewerTests.xctest; sourceTree = BUILT_PRODUCTS_DIR; };
		DC1370A02BD7A99800CF7C90 /* CreditCardViewerTests.swift */ = {isa = PBXFileReference; lastKnownFileType = sourcecode.swift; path = CreditCardViewerTests.swift; sourceTree = "<group>"; };
		DC1370A62BD7A99800CF7C90 /* CreditCardViewerUITests.xctest */ = {isa = PBXFileReference; explicitFileType = wrapper.cfbundle; includeInIndex = 0; path = CreditCardViewerUITests.xctest; sourceTree = BUILT_PRODUCTS_DIR; };
		DC1370AA2BD7A99800CF7C90 /* CreditCardViewerUITests.swift */ = {isa = PBXFileReference; lastKnownFileType = sourcecode.swift; path = CreditCardViewerUITests.swift; sourceTree = "<group>"; };
		DC1370AC2BD7A99800CF7C90 /* CreditCardViewerUITestsLaunchTests.swift */ = {isa = PBXFileReference; lastKnownFileType = sourcecode.swift; path = CreditCardViewerUITestsLaunchTests.swift; sourceTree = "<group>"; };
		DC1370BA2BD7ABFB00CF7C90 /* CreditCard.swift */ = {isa = PBXFileReference; lastKnownFileType = sourcecode.swift; path = CreditCard.swift; sourceTree = "<group>"; };
		DCE59E512BD7AF1800A3E655 /* CardsView.swift */ = {isa = PBXFileReference; fileEncoding = 4; lastKnownFileType = sourcecode.swift; path = CardsView.swift; sourceTree = "<group>"; };
		DCE59E532BD7AF3000A3E655 /* CardRowView.swift */ = {isa = PBXFileReference; lastKnownFileType = sourcecode.swift; path = CardRowView.swift; sourceTree = "<group>"; };
		DCE59E552BD7AFC000A3E655 /* SavedCardsView.swift */ = {isa = PBXFileReference; lastKnownFileType = sourcecode.swift; path = SavedCardsView.swift; sourceTree = "<group>"; };
/* End PBXFileReference section */

/* Begin PBXFrameworksBuildPhase section */
		DC1370892BD7A99500CF7C90 /* Frameworks */ = {
			isa = PBXFrameworksBuildPhase;
			buildActionMask = 2147483647;
			files = (
			);
			runOnlyForDeploymentPostprocessing = 0;
		};
		DC1370992BD7A99800CF7C90 /* Frameworks */ = {
			isa = PBXFrameworksBuildPhase;
			buildActionMask = 2147483647;
			files = (
			);
			runOnlyForDeploymentPostprocessing = 0;
		};
		DC1370A32BD7A99800CF7C90 /* Frameworks */ = {
			isa = PBXFrameworksBuildPhase;
			buildActionMask = 2147483647;
			files = (
			);
			runOnlyForDeploymentPostprocessing = 0;
		};
/* End PBXFrameworksBuildPhase section */

/* Begin PBXGroup section */
		DC1370832BD7A99500CF7C90 = {
			isa = PBXGroup;
			children = (
				DC13708E2BD7A99500CF7C90 /* CreditCardViewer */,
				DC13709F2BD7A99800CF7C90 /* CreditCardViewerTests */,
				DC1370A92BD7A99800CF7C90 /* CreditCardViewerUITests */,
				DC13708D2BD7A99500CF7C90 /* Products */,
			);
			sourceTree = "<group>";
		};
		DC13708D2BD7A99500CF7C90 /* Products */ = {
			isa = PBXGroup;
			children = (
				DC13708C2BD7A99500CF7C90 /* CreditCardViewer.app */,
				DC13709C2BD7A99800CF7C90 /* CreditCardViewerTests.xctest */,
				DC1370A62BD7A99800CF7C90 /* CreditCardViewerUITests.xctest */,
			);
			name = Products;
			sourceTree = "<group>";
		};
		DC13708E2BD7A99500CF7C90 /* CreditCardViewer */ = {
			isa = PBXGroup;
			children = (
				DCE59E502BD7AF1700A3E655 /* View */,
				DC1370B92BD7A9B400CF7C90 /* Model */,
				DC13708F2BD7A99500CF7C90 /* CreditCardViewerApp.swift */,
				DC1370932BD7A99800CF7C90 /* Assets.xcassets */,
				DC1370952BD7A99800CF7C90 /* Preview Content */,
			);
			path = CreditCardViewer;
			sourceTree = "<group>";
		};
		DC1370952BD7A99800CF7C90 /* Preview Content */ = {
			isa = PBXGroup;
			children = (
				DC1370962BD7A99800CF7C90 /* Preview Assets.xcassets */,
			);
			path = "Preview Content";
			sourceTree = "<group>";
		};
		DC13709F2BD7A99800CF7C90 /* CreditCardViewerTests */ = {
			isa = PBXGroup;
			children = (
				DC1370A02BD7A99800CF7C90 /* CreditCardViewerTests.swift */,
			);
			path = CreditCardViewerTests;
			sourceTree = "<group>";
		};
		DC1370A92BD7A99800CF7C90 /* CreditCardViewerUITests */ = {
			isa = PBXGroup;
			children = (
				DC1370AA2BD7A99800CF7C90 /* CreditCardViewerUITests.swift */,
				DC1370AC2BD7A99800CF7C90 /* CreditCardViewerUITestsLaunchTests.swift */,
			);
			path = CreditCardViewerUITests;
			sourceTree = "<group>";
		};
		DC1370B92BD7A9B400CF7C90 /* Model */ = {
			isa = PBXGroup;
			children = (
				DC1370BA2BD7ABFB00CF7C90 /* CreditCard.swift */,
			);
			path = Model;
			sourceTree = "<group>";
		};
		DCE59E502BD7AF1700A3E655 /* View */ = {
			isa = PBXGroup;
			children = (
				DCE59E512BD7AF1800A3E655 /* CardsView.swift */,
				DCE59E532BD7AF3000A3E655 /* CardRowView.swift */,
				DCE59E552BD7AFC000A3E655 /* SavedCardsView.swift */,
			);
			path = View;
			sourceTree = "<group>";
		};
/* End PBXGroup section */

/* Begin PBXNativeTarget section */
		DC13708B2BD7A99500CF7C90 /* CreditCardViewer */ = {
			isa = PBXNativeTarget;
			buildConfigurationList = DC1370B02BD7A99800CF7C90 /* Build configuration list for PBXNativeTarget "CreditCardViewer" */;
			buildPhases = (
				DC1370882BD7A99500CF7C90 /* Sources */,
				DC1370892BD7A99500CF7C90 /* Frameworks */,
				DC13708A2BD7A99500CF7C90 /* Resources */,
			);
			buildRules = (
			);
			dependencies = (
			);
			name = CreditCardViewer;
			productName = CreditCardViewer;
			productReference = DC13708C2BD7A99500CF7C90 /* CreditCardViewer.app */;
			productType = "com.apple.product-type.application";
		};
		DC13709B2BD7A99800CF7C90 /* CreditCardViewerTests */ = {
			isa = PBXNativeTarget;
			buildConfigurationList = DC1370B32BD7A99800CF7C90 /* Build configuration list for PBXNativeTarget "CreditCardViewerTests" */;
			buildPhases = (
				DC1370982BD7A99800CF7C90 /* Sources */,
				DC1370992BD7A99800CF7C90 /* Frameworks */,
				DC13709A2BD7A99800CF7C90 /* Resources */,
			);
			buildRules = (
			);
			dependencies = (
				DC13709E2BD7A99800CF7C90 /* PBXTargetDependency */,
			);
			name = CreditCardViewerTests;
			productName = CreditCardViewerTests;
			productReference = DC13709C2BD7A99800CF7C90 /* CreditCardViewerTests.xctest */;
			productType = "com.apple.product-type.bundle.unit-test";
		};
		DC1370A52BD7A99800CF7C90 /* CreditCardViewerUITests */ = {
			isa = PBXNativeTarget;
			buildConfigurationList = DC1370B62BD7A99800CF7C90 /* Build configuration list for PBXNativeTarget "CreditCardViewerUITests" */;
			buildPhases = (
				DC1370A22BD7A99800CF7C90 /* Sources */,
				DC1370A32BD7A99800CF7C90 /* Frameworks */,
				DC1370A42BD7A99800CF7C90 /* Resources */,
			);
			buildRules = (
			);
			dependencies = (
				DC1370A82BD7A99800CF7C90 /* PBXTargetDependency */,
			);
			name = CreditCardViewerUITests;
			productName = CreditCardViewerUITests;
			productReference = DC1370A62BD7A99800CF7C90 /* CreditCardViewerUITests.xctest */;
			productType = "com.apple.product-type.bundle.ui-testing";
		};
/* End PBXNativeTarget section */

/* Begin PBXProject section */
		DC1370842BD7A99500CF7C90 /* Project object */ = {
			isa = PBXProject;
			attributes = {
				BuildIndependentTargetsInParallel = 1;
				LastSwiftUpdateCheck = 1420;
				LastUpgradeCheck = 1420;
				TargetAttributes = {
					DC13708B2BD7A99500CF7C90 = {
						CreatedOnToolsVersion = 14.2;
					};
					DC13709B2BD7A99800CF7C90 = {
						CreatedOnToolsVersion = 14.2;
						TestTargetID = DC13708B2BD7A99500CF7C90;
					};
					DC1370A52BD7A99800CF7C90 = {
						CreatedOnToolsVersion = 14.2;
						TestTargetID = DC13708B2BD7A99500CF7C90;
					};
				};
			};
			buildConfigurationList = DC1370872BD7A99500CF7C90 /* Build configuration list for PBXProject "CreditCardViewer" */;
			compatibilityVersion = "Xcode 14.0";
			developmentRegion = en;
			hasScannedForEncodings = 0;
			knownRegions = (
				en,
				Base,
			);
			mainGroup = DC1370832BD7A99500CF7C90;
			productRefGroup = DC13708D2BD7A99500CF7C90 /* Products */;
			projectDirPath = "";
			projectRoot = "";
			targets = (
				DC13708B2BD7A99500CF7C90 /* CreditCardViewer */,
				DC13709B2BD7A99800CF7C90 /* CreditCardViewerTests */,
				DC1370A52BD7A99800CF7C90 /* CreditCardViewerUITests */,
			);
		};
/* End PBXProject section */

/* Begin PBXResourcesBuildPhase section */
		DC13708A2BD7A99500CF7C90 /* Resources */ = {
			isa = PBXResourcesBuildPhase;
			buildActionMask = 2147483647;
			files = (
				DC1370972BD7A99800CF7C90 /* Preview Assets.xcassets in Resources */,
				DC1370942BD7A99800CF7C90 /* Assets.xcassets in Resources */,
			);
			runOnlyForDeploymentPostprocessing = 0;
		};
		DC13709A2BD7A99800CF7C90 /* Resources */ = {
			isa = PBXResourcesBuildPhase;
			buildActionMask = 2147483647;
			files = (
			);
			runOnlyForDeploymentPostprocessing = 0;
		};
		DC1370A42BD7A99800CF7C90 /* Resources */ = {
			isa = PBXResourcesBuildPhase;
			buildActionMask = 2147483647;
			files = (
			);
			runOnlyForDeploymentPostprocessing = 0;
		};
/* End PBXResourcesBuildPhase section */

/* Begin PBXSourcesBuildPhase section */
		DC1370882BD7A99500CF7C90 /* Sources */ = {
			isa = PBXSourcesBuildPhase;
			buildActionMask = 2147483647;
			files = (
				DCE59E562BD7AFC000A3E655 /* SavedCardsView.swift in Sources */,
				DCE59E522BD7AF1800A3E655 /* CardsView.swift in Sources */,
				DCE59E542BD7AF3000A3E655 /* CardRowView.swift in Sources */,
				DC1370BB2BD7ABFB00CF7C90 /* CreditCard.swift in Sources */,
				DC1370902BD7A99500CF7C90 /* CreditCardViewerApp.swift in Sources */,
			);
			runOnlyForDeploymentPostprocessing = 0;
		};
		DC1370982BD7A99800CF7C90 /* Sources */ = {
			isa = PBXSourcesBuildPhase;
			buildActionMask = 2147483647;
			files = (
				DC1370A12BD7A99800CF7C90 /* CreditCardViewerTests.swift in Sources */,
			);
			runOnlyForDeploymentPostprocessing = 0;
		};
		DC1370A22BD7A99800CF7C90 /* Sources */ = {
			isa = PBXSourcesBuildPhase;
			buildActionMask = 2147483647;
			files = (
				DC1370AB2BD7A99800CF7C90 /* CreditCardViewerUITests.swift in Sources */,
				DC1370AD2BD7A99800CF7C90 /* CreditCardViewerUITestsLaunchTests.swift in Sources */,
			);
			runOnlyForDeploymentPostprocessing = 0;
		};
/* End PBXSourcesBuildPhase section */

/* Begin PBXTargetDependency section */
		DC13709E2BD7A99800CF7C90 /* PBXTargetDependency */ = {
			isa = PBXTargetDependency;
			target = DC13708B2BD7A99500CF7C90 /* CreditCardViewer */;
			targetProxy = DC13709D2BD7A99800CF7C90 /* PBXContainerItemProxy */;
		};
		DC1370A82BD7A99800CF7C90 /* PBXTargetDependency */ = {
			isa = PBXTargetDependency;
			target = DC13708B2BD7A99500CF7C90 /* CreditCardViewer */;
			targetProxy = DC1370A72BD7A99800CF7C90 /* PBXContainerItemProxy */;
		};
/* End PBXTargetDependency section */

/* Begin XCBuildConfiguration section */
		DC1370AE2BD7A99800CF7C90 /* Debug */ = {
			isa = XCBuildConfiguration;
			buildSettings = {
				ALWAYS_SEARCH_USER_PATHS = NO;
				CLANG_ANALYZER_NONNULL = YES;
				CLANG_ANALYZER_NUMBER_OBJECT_CONVERSION = YES_AGGRESSIVE;
				CLANG_CXX_LANGUAGE_STANDARD = "gnu++20";
				CLANG_ENABLE_MODULES = YES;
				CLANG_ENABLE_OBJC_ARC = YES;
				CLANG_ENABLE_OBJC_WEAK = YES;
				CLANG_WARN_BLOCK_CAPTURE_AUTORELEASING = YES;
				CLANG_WARN_BOOL_CONVERSION = YES;
				CLANG_WARN_COMMA = YES;
				CLANG_WARN_CONSTANT_CONVERSION = YES;
				CLANG_WARN_DEPRECATED_OBJC_IMPLEMENTATIONS = YES;
				CLANG_WARN_DIRECT_OBJC_ISA_USAGE = YES_ERROR;
				CLANG_WARN_DOCUMENTATION_COMMENTS = YES;
				CLANG_WARN_EMPTY_BODY = YES;
				CLANG_WARN_ENUM_CONVERSION = YES;
				CLANG_WARN_INFINITE_RECURSION = YES;
				CLANG_WARN_INT_CONVERSION = YES;
				CLANG_WARN_NON_LITERAL_NULL_CONVERSION = YES;
				CLANG_WARN_OBJC_IMPLICIT_RETAIN_SELF = YES;
				CLANG_WARN_OBJC_LITERAL_CONVERSION = YES;
				CLANG_WARN_OBJC_ROOT_CLASS = YES_ERROR;
				CLANG_WARN_QUOTED_INCLUDE_IN_FRAMEWORK_HEADER = YES;
				CLANG_WARN_RANGE_LOOP_ANALYSIS = YES;
				CLANG_WARN_STRICT_PROTOTYPES = YES;
				CLANG_WARN_SUSPICIOUS_MOVE = YES;
				CLANG_WARN_UNGUARDED_AVAILABILITY = YES_AGGRESSIVE;
				CLANG_WARN_UNREACHABLE_CODE = YES;
				CLANG_WARN__DUPLICATE_METHOD_MATCH = YES;
				COPY_PHASE_STRIP = NO;
				DEBUG_INFORMATION_FORMAT = dwarf;
				ENABLE_STRICT_OBJC_MSGSEND = YES;
				ENABLE_TESTABILITY = YES;
				GCC_C_LANGUAGE_STANDARD = gnu11;
				GCC_DYNAMIC_NO_PIC = NO;
				GCC_NO_COMMON_BLOCKS = YES;
				GCC_OPTIMIZATION_LEVEL = 0;
				GCC_PREPROCESSOR_DEFINITIONS = (
					"DEBUG=1",
					"$(inherited)",
				);
				GCC_WARN_64_TO_32_BIT_CONVERSION = YES;
				GCC_WARN_ABOUT_RETURN_TYPE = YES_ERROR;
				GCC_WARN_UNDECLARED_SELECTOR = YES;
				GCC_WARN_UNINITIALIZED_AUTOS = YES_AGGRESSIVE;
				GCC_WARN_UNUSED_FUNCTION = YES;
				GCC_WARN_UNUSED_VARIABLE = YES;
				IPHONEOS_DEPLOYMENT_TARGET = 16.2;
				MTL_ENABLE_DEBUG_INFO = INCLUDE_SOURCE;
				MTL_FAST_MATH = YES;
				ONLY_ACTIVE_ARCH = YES;
				SDKROOT = iphoneos;
				SWIFT_ACTIVE_COMPILATION_CONDITIONS = DEBUG;
				SWIFT_OPTIMIZATION_LEVEL = "-Onone";
			};
			name = Debug;
		};
		DC1370AF2BD7A99800CF7C90 /* Release */ = {
			isa = XCBuildConfiguration;
			buildSettings = {
				ALWAYS_SEARCH_USER_PATHS = NO;
				CLANG_ANALYZER_NONNULL = YES;
				CLANG_ANALYZER_NUMBER_OBJECT_CONVERSION = YES_AGGRESSIVE;
				CLANG_CXX_LANGUAGE_STANDARD = "gnu++20";
				CLANG_ENABLE_MODULES = YES;
				CLANG_ENABLE_OBJC_ARC = YES;
				CLANG_ENABLE_OBJC_WEAK = YES;
				CLANG_WARN_BLOCK_CAPTURE_AUTORELEASING = YES;
				CLANG_WARN_BOOL_CONVERSION = YES;
				CLANG_WARN_COMMA = YES;
				CLANG_WARN_CONSTANT_CONVERSION = YES;
				CLANG_WARN_DEPRECATED_OBJC_IMPLEMENTATIONS = YES;
				CLANG_WARN_DIRECT_OBJC_ISA_USAGE = YES_ERROR;
				CLANG_WARN_DOCUMENTATION_COMMENTS = YES;
				CLANG_WARN_EMPTY_BODY = YES;
				CLANG_WARN_ENUM_CONVERSION = YES;
				CLANG_WARN_INFINITE_RECURSION = YES;
				CLANG_WARN_INT_CONVERSION = YES;
				CLANG_WARN_NON_LITERAL_NULL_CONVERSION = YES;
				CLANG_WARN_OBJC_IMPLICIT_RETAIN_SELF = YES;
				CLANG_WARN_OBJC_LITERAL_CONVERSION = YES;
				CLANG_WARN_OBJC_ROOT_CLASS = YES_ERROR;
				CLANG_WARN_QUOTED_INCLUDE_IN_FRAMEWORK_HEADER = YES;
				CLANG_WARN_RANGE_LOOP_ANALYSIS = YES;
				CLANG_WARN_STRICT_PROTOTYPES = YES;
				CLANG_WARN_SUSPICIOUS_MOVE = YES;
				CLANG_WARN_UNGUARDED_AVAILABILITY = YES_AGGRESSIVE;
				CLANG_WARN_UNREACHABLE_CODE = YES;
				CLANG_WARN__DUPLICATE_METHOD_MATCH = YES;
				COPY_PHASE_STRIP = NO;
				DEBUG_INFORMATION_FORMAT = "dwarf-with-dsym";
				ENABLE_NS_ASSERTIONS = NO;
				ENABLE_STRICT_OBJC_MSGSEND = YES;
				GCC_C_LANGUAGE_STANDARD = gnu11;
				GCC_NO_COMMON_BLOCKS = YES;
				GCC_WARN_64_TO_32_BIT_CONVERSION = YES;
				GCC_WARN_ABOUT_RETURN_TYPE = YES_ERROR;
				GCC_WARN_UNDECLARED_SELECTOR = YES;
				GCC_WARN_UNINITIALIZED_AUTOS = YES_AGGRESSIVE;
				GCC_WARN_UNUSED_FUNCTION = YES;
				GCC_WARN_UNUSED_VARIABLE = YES;
				IPHONEOS_DEPLOYMENT_TARGET = 16.2;
				MTL_ENABLE_DEBUG_INFO = NO;
				MTL_FAST_MATH = YES;
				SDKROOT = iphoneos;
				SWIFT_COMPILATION_MODE = wholemodule;
				SWIFT_OPTIMIZATION_LEVEL = "-O";
				VALIDATE_PRODUCT = YES;
			};
			name = Release;
		};
		DC1370B12BD7A99800CF7C90 /* Debug */ = {
			isa = XCBuildConfiguration;
			buildSettings = {
				ASSETCATALOG_COMPILER_APPICON_NAME = AppIcon;
				ASSETCATALOG_COMPILER_GLOBAL_ACCENT_COLOR_NAME = AccentColor;
				CODE_SIGN_STYLE = Automatic;
				CURRENT_PROJECT_VERSION = 1;
				DEVELOPMENT_ASSET_PATHS = "\"CreditCardViewer/Preview Content\"";
				ENABLE_PREVIEWS = YES;
				GENERATE_INFOPLIST_FILE = YES;
				INFOPLIST_KEY_UIApplicationSceneManifest_Generation = YES;
				INFOPLIST_KEY_UIApplicationSupportsIndirectInputEvents = YES;
				INFOPLIST_KEY_UILaunchScreen_Generation = YES;
				INFOPLIST_KEY_UISupportedInterfaceOrientations_iPad = "UIInterfaceOrientationPortrait UIInterfaceOrientationPortraitUpsideDown UIInterfaceOrientationLandscapeLeft UIInterfaceOrientationLandscapeRight";
				INFOPLIST_KEY_UISupportedInterfaceOrientations_iPhone = "UIInterfaceOrientationPortrait UIInterfaceOrientationLandscapeLeft UIInterfaceOrientationLandscapeRight";
				IPHONEOS_DEPLOYMENT_TARGET = 15.0;
				LD_RUNPATH_SEARCH_PATHS = (
					"$(inherited)",
					"@executable_path/Frameworks",
				);
				MARKETING_VERSION = 1.0;
				PRODUCT_BUNDLE_IDENTIFIER = com.ademring.CreditCardViewer;
				PRODUCT_NAME = "$(TARGET_NAME)";
				SWIFT_EMIT_LOC_STRINGS = YES;
				SWIFT_VERSION = 5.0;
				TARGETED_DEVICE_FAMILY = "1,2";
			};
			name = Debug;
		};
		DC1370B22BD7A99800CF7C90 /* Release */ = {
			isa = XCBuildConfiguration;
			buildSettings = {
				ASSETCATALOG_COMPILER_APPICON_NAME = AppIcon;
				ASSETCATALOG_COMPILER_GLOBAL_ACCENT_COLOR_NAME = AccentColor;
				CODE_SIGN_STYLE = Automatic;
				CURRENT_PROJECT_VERSION = 1;
				DEVELOPMENT_ASSET_PATHS = "\"CreditCardViewer/Preview Content\"";
				ENABLE_PREVIEWS = YES;
				GENERATE_INFOPLIST_FILE = YES;
				INFOPLIST_KEY_UIApplicationSceneManifest_Generation = YES;
				INFOPLIST_KEY_UIApplicationSupportsIndirectInputEvents = YES;
				INFOPLIST_KEY_UILaunchScreen_Generation = YES;
				INFOPLIST_KEY_UISupportedInterfaceOrientations_iPad = "UIInterfaceOrientationPortrait UIInterfaceOrientationPortraitUpsideDown UIInterfaceOrientationLandscapeLeft UIInterfaceOrientationLandscapeRight";
				INFOPLIST_KEY_UISupportedInterfaceOrientations_iPhone = "UIInterfaceOrientationPortrait UIInterfaceOrientationLandscapeLeft UIInterfaceOrientationLandscapeRight";
				IPHONEOS_DEPLOYMENT_TARGET = 15.0;
				LD_RUNPATH_SEARCH_PATHS = (
					"$(inherited)",
					"@executable_path/Frameworks",
				);
				MARKETING_VERSION = 1.0;
				PRODUCT_BUNDLE_IDENTIFIER = com.ademring.CreditCardViewer;
				PRODUCT_NAME = "$(TARGET_NAME)";
				SWIFT_EMIT_LOC_STRINGS = YES;
				SWIFT_VERSION = 5.0;
				TARGETED_DEVICE_FAMILY = "1,2";
			};
			name = Release;
		};
		DC1370B42BD7A99800CF7C90 /* Debug */ = {
			isa = XCBuildConfiguration;
			buildSettings = {
				ALWAYS_EMBED_SWIFT_STANDARD_LIBRARIES = YES;
				BUNDLE_LOADER = "$(TEST_HOST)";
				CODE_SIGN_STYLE = Automatic;
				CURRENT_PROJECT_VERSION = 1;
				GENERATE_INFOPLIST_FILE = YES;
				IPHONEOS_DEPLOYMENT_TARGET = 16.2;
				MARKETING_VERSION = 1.0;
				PRODUCT_BUNDLE_IDENTIFIER = com.ademring.CreditCardViewerTests;
				PRODUCT_NAME = "$(TARGET_NAME)";
				SWIFT_EMIT_LOC_STRINGS = NO;
				SWIFT_VERSION = 5.0;
				TARGETED_DEVICE_FAMILY = "1,2";
				TEST_HOST = "$(BUILT_PRODUCTS_DIR)/CreditCardViewer.app/$(BUNDLE_EXECUTABLE_FOLDER_PATH)/CreditCardViewer";
			};
			name = Debug;
		};
		DC1370B52BD7A99800CF7C90 /* Release */ = {
			isa = XCBuildConfiguration;
			buildSettings = {
				ALWAYS_EMBED_SWIFT_STANDARD_LIBRARIES = YES;
				BUNDLE_LOADER = "$(TEST_HOST)";
				CODE_SIGN_STYLE = Automatic;
				CURRENT_PROJECT_VERSION = 1;
				GENERATE_INFOPLIST_FILE = YES;
				IPHONEOS_DEPLOYMENT_TARGET = 16.2;
				MARKETING_VERSION = 1.0;
				PRODUCT_BUNDLE_IDENTIFIER = com.ademring.CreditCardViewerTests;
				PRODUCT_NAME = "$(TARGET_NAME)";
				SWIFT_EMIT_LOC_STRINGS = NO;
				SWIFT_VERSION = 5.0;
				TARGETED_DEVICE_FAMILY = "1,2";
				TEST_HOST = "$(BUILT_PRODUCTS_DIR)/CreditCardViewer.app/$(BUNDLE_EXECUTABLE_FOLDER_PATH)/CreditCardViewer";
			};
			name = Release;
		};
		DC1370B72BD7A99800CF7C90 /* Debug */ = {
			isa = XCBuildConfiguration;
			buildSettings = {
				ALWAYS_EMBED_SWIFT_STANDARD_LIBRARIES = YES;
				CODE_SIGN_STYLE = Automatic;
				CURRENT_PROJECT_VERSION = 1;
				GENERATE_INFOPLIST_FILE = YES;
				MARKETING_VERSION = 1.0;
				PRODUCT_BUNDLE_IDENTIFIER = com.ademring.CreditCardViewerUITests;
				PRODUCT_NAME = "$(TARGET_NAME)";
				SWIFT_EMIT_LOC_STRINGS = NO;
				SWIFT_VERSION = 5.0;
				TARGETED_DEVICE_FAMILY = "1,2";
				TEST_TARGET_NAME = CreditCardViewer;
			};
			name = Debug;
		};
		DC1370B82BD7A99800CF7C90 /* Release */ = {
			isa = XCBuildConfiguration;
			buildSettings = {
				ALWAYS_EMBED_SWIFT_STANDARD_LIBRARIES = YES;
				CODE_SIGN_STYLE = Automatic;
				CURRENT_PROJECT_VERSION = 1;
				GENERATE_INFOPLIST_FILE = YES;
				MARKETING_VERSION = 1.0;
				PRODUCT_BUNDLE_IDENTIFIER = com.ademring.CreditCardViewerUITests;
				PRODUCT_NAME = "$(TARGET_NAME)";
				SWIFT_EMIT_LOC_STRINGS = NO;
				SWIFT_VERSION = 5.0;
				TARGETED_DEVICE_FAMILY = "1,2";
				TEST_TARGET_NAME = CreditCardViewer;
			};
			name = Release;
		};
/* End XCBuildConfiguration section */

/* Begin XCConfigurationList section */
		DC1370872BD7A99500CF7C90 /* Build configuration list for PBXProject "CreditCardViewer" */ = {
			isa = XCConfigurationList;
			buildConfigurations = (
				DC1370AE2BD7A99800CF7C90 /* Debug */,
				DC1370AF2BD7A99800CF7C90 /* Release */,
			);
			defaultConfigurationIsVisible = 0;
			defaultConfigurationName = Release;
		};
		DC1370B02BD7A99800CF7C90 /* Build configuration list for PBXNativeTarget "CreditCardViewer" */ = {
			isa = XCConfigurationList;
			buildConfigurations = (
				DC1370B12BD7A99800CF7C90 /* Debug */,
				DC1370B22BD7A99800CF7C90 /* Release */,
			);
			defaultConfigurationIsVisible = 0;
			defaultConfigurationName = Release;
		};
		DC1370B32BD7A99800CF7C90 /* Build configuration list for PBXNativeTarget "CreditCardViewerTests" */ = {
			isa = XCConfigurationList;
			buildConfigurations = (
				DC1370B42BD7A99800CF7C90 /* Debug */,
				DC1370B52BD7A99800CF7C90 /* Release */,
			);
			defaultConfigurationIsVisible = 0;
			defaultConfigurationName = Release;
		};
		DC1370B62BD7A99800CF7C90 /* Build configuration list for PBXNativeTarget "CreditCardViewerUITests" */ = {
			isa = XCConfigurationList;
			buildConfigurations = (
				DC1370B72BD7A99800CF7C90 /* Debug */,
				DC1370B82BD7A99800CF7C90 /* Release */,
			);
			defaultConfigurationIsVisible = 0;
			defaultConfigurationName = Release;
		};
/* End XCConfigurationList section */
	};
	rootObject = DC1370842BD7A99500CF7C90 /* Project object */;
}
